
Microsoft Visual Studio Solution File, Format Version 12.00
# Visual Studio Version 16
VisualStudioVersion = 16.0.31129.286
MinimumVisualStudioVersion = 10.0.40219.1
Project("{8BC9CEB8-8B4A-11D0-8D11-00A0C91BC942}") = "StringClientTA20V", "StringClientTA20V\StringClientTA20V.vcxproj", "{CA7A4E8D-E8C0-4096-80E8-976CAF84AA23}"
EndProject
Project("{8BC9CEB8-8B4A-11D0-8D11-00A0C91BC942}") = "StringClientExplicitTA20V", "StringClientExplicitTA20V\StringClientExplicitTA20V.vcxproj", "{D3FF1F9B-EE46-4EE7-A132-D2F2E8F17DC8}"
EndProject
Global
	GlobalSection(SolutionConfigurationPlatforms) = preSolution
		Debug|x64 = Debug|x64
		Debug|x86 = Debug|x86
		Release|x64 = Release|x64
		Release|x86 = Release|x86
	EndGlobalSection
	GlobalSection(ProjectConfigurationPlatforms) = postSolution
		{CA7A4E8D-E8C0-4096-80E8-976CAF84AA23}.Debug|x64.ActiveCfg = Debug|x64
		{CA7A4E8D-E8C0-4096-80E8-976CAF84AA23}.Debug|x64.Build.0 = Debug|x64
		{CA7A4E8D-E8C0-4096-80E8-976CAF84AA23}.Debug|x86.ActiveCfg = Debug|Win32
		{CA7A4E8D-E8C0-4096-80E8-976CAF84AA23}.Debug|x86.Build.0 = Debug|Win32
		{CA7A4E8D-E8C0-4096-80E8-976CAF84AA23}.Release|x64.ActiveCfg = Release|x64
		{CA7A4E8D-E8C0-4096-80E8-976CAF84AA23}.Release|x64.Build.0 = Release|x64
		{CA7A4E8D-E8C0-4096-80E8-976CAF84AA23}.Release|x86.ActiveCfg = Release|Win32
		{CA7A4E8D-E8C0-4096-80E8-976CAF84AA23}.Release|x86.Build.0 = Release|Win32
		{D3FF1F9B-EE46-4EE7-A132-D2F2E8F17DC8}.Debug|x64.ActiveCfg = Debug|x64
		{D3FF1F9B-EE46-4EE7-A132-D2F2E8F17DC8}.Debug|x64.Build.0 = Debug|x64
		{D3FF1F9B-EE46-4EE7-A132-D2F2E8F17DC8}.Debug|x86.ActiveCfg = Debug|Win32
		{D3FF1F9B-EE46-4EE7-A132-D2F2E8F17DC8}.Debug|x86.Build.0 = Debug|Win32
		{D3FF1F9B-EE46-4EE7-A132-D2F2E8F17DC8}.Release|x64.ActiveCfg = Release|x64
		{D3FF1F9B-EE46-4EE7-A132-D2F2E8F17DC8}.Release|x64.Build.0 = Release|x64
		{D3FF1F9B-EE46-4EE7-A132-D2F2E8F17DC8}.Release|x86.ActiveCfg = Release|Win32
		{D3FF1F9B-EE46-4EE7-A132-D2F2E8F17DC8}.Release|x86.Build.0 = Release|Win32
	EndGlobalSection
	GlobalSection(SolutionProperties) = preSolution
		HideSolutionNode = FALSE
	EndGlobalSection
	GlobalSection(ExtensibilityGlobals) = postSolution
		SolutionGuid = {F771A9D7-2C58-4F98-924C-6D429CAA5089}
	EndGlobalSection
EndGlobal
